
Microsoft Visual Studio Solution File, Format Version 12.00
# Visual Studio Version 16
VisualStudioVersion = 16.0.31624.102
MinimumVisualStudioVersion = 10.0.40219.1
Project("{FAE04EC0-301F-11D3-BF4B-00C04F79EFBC}") = "PlaywriteOccupationTherapy.Server", "PlaywriteOccupationTherapy\Server\PlaywriteOccupationTherapy.Server.csproj", "{691FA37B-F2C2-4D78-B9D1-DD07464D0659}"
EndProject
Project("{FAE04EC0-301F-11D3-BF4B-00C04F79EFBC}") = "PlaywriteOccupationTherapy.Client", "PlaywriteOccupationTherapy\Client\PlaywriteOccupationTherapy.Client.csproj", "{DB42CA31-93AE-4B91-83FA-EE3DC73B995A}"
EndProject
Project("{FAE04EC0-301F-11D3-BF4B-00C04F79EFBC}") = "PlaywriteOccupationTherapy.Shared", "PlaywriteOccupationTherapy\Shared\PlaywriteOccupationTherapy.Shared.csproj", "{63BEBB14-6AAE-4C5D-A5A8-FBF4B38B5BFC}"
EndProject
Global
	GlobalSection(SolutionConfigurationPlatforms) = preSolution
		Debug|Any CPU = Debug|Any CPU
		Release|Any CPU = Release|Any CPU
	EndGlobalSection
	GlobalSection(ProjectConfigurationPlatforms) = postSolution
		{691FA37B-F2C2-4D78-B9D1-DD07464D0659}.Debug|Any CPU.ActiveCfg = Debug|Any CPU
		{691FA37B-F2C2-4D78-B9D1-DD07464D0659}.Debug|Any CPU.Build.0 = Debug|Any CPU
		{691FA37B-F2C2-4D78-B9D1-DD07464D0659}.Release|Any CPU.ActiveCfg = Release|Any CPU
		{691FA37B-F2C2-4D78-B9D1-DD07464D0659}.Release|Any CPU.Build.0 = Release|Any CPU
		{DB42CA31-93AE-4B91-83FA-EE3DC73B995A}.Debug|Any CPU.ActiveCfg = Debug|Any CPU
		{DB42CA31-93AE-4B91-83FA-EE3DC73B995A}.Debug|Any CPU.Build.0 = Debug|Any CPU
		{DB42CA31-93AE-4B91-83FA-EE3DC73B995A}.Release|Any CPU.ActiveCfg = Release|Any CPU
		{DB42CA31-93AE-4B91-83FA-EE3DC73B995A}.Release|Any CPU.Build.0 = Release|Any CPU
		{63BEBB14-6AAE-4C5D-A5A8-FBF4B38B5BFC}.Debug|Any CPU.ActiveCfg = Debug|Any CPU
		{63BEBB14-6AAE-4C5D-A5A8-FBF4B38B5BFC}.Debug|Any CPU.Build.0 = Debug|Any CPU
		{63BEBB14-6AAE-4C5D-A5A8-FBF4B38B5BFC}.Release|Any CPU.ActiveCfg = Release|Any CPU
		{63BEBB14-6AAE-4C5D-A5A8-FBF4B38B5BFC}.Release|Any CPU.Build.0 = Release|Any CPU
	EndGlobalSection
	GlobalSection(SolutionProperties) = preSolution
		HideSolutionNode = FALSE
	EndGlobalSection
	GlobalSection(ExtensibilityGlobals) = postSolution
		SolutionGuid = {388B0F0F-C3A6-48DA-A1CC-D1F28F9948A3}
	EndGlobalSection
EndGlobal
